
Microsoft Visual Studio Solution File, Format Version 12.00
# Visual Studio Version 16
VisualStudioVersion = 16.0.31205.134
MinimumVisualStudioVersion = 10.0.40219.1
Project("{FAE04EC0-301F-11D3-BF4B-00C04F79EFBC}") = "Nested_For_loop", "Nested_For_loop.csproj", "{9CF1C0C4-A42F-4A4D-9B8C-AC23487AD1B1}"
EndProject
Global
	GlobalSection(SolutionConfigurationPlatforms) = preSolution
		Debug|Any CPU = Debug|Any CPU
		Release|Any CPU = Release|Any CPU
	EndGlobalSection
	GlobalSection(ProjectConfigurationPlatforms) = postSolution
		{9CF1C0C4-A42F-4A4D-9B8C-AC23487AD1B1}.Debug|Any CPU.ActiveCfg = Debug|Any CPU
		{9CF1C0C4-A42F-4A4D-9B8C-AC23487AD1B1}.Debug|Any CPU.Build.0 = Debug|Any CPU
		{9CF1C0C4-A42F-4A4D-9B8C-AC23487AD1B1}.Release|Any CPU.ActiveCfg = Release|Any CPU
		{9CF1C0C4-A42F-4A4D-9B8C-AC23487AD1B1}.Release|Any CPU.Build.0 = Release|Any CPU
	EndGlobalSection
	GlobalSection(SolutionProperties) = preSolution
		HideSolutionNode = FALSE
	EndGlobalSection
	GlobalSection(ExtensibilityGlobals) = postSolution
		SolutionGuid = {4CEA1B1B-A7CB-431B-BB3F-B4912AF7B6B5}
	EndGlobalSection
EndGlobal
